// !$*UTF8*$!
{
	archiveVersion = 1;
	classes = {
	};
	objectVersion = 55;
	objects = {

/* Begin PBXBuildFile section */
		CC2CDC3C271FF2A8004F8DAB /* AppDelegate.swift in Sources */ = {isa = PBXBuildFile; fileRef = CC2CDC3B271FF2A8004F8DAB /* AppDelegate.swift */; };
		CC2CDC3E271FF2A8004F8DAB /* SceneDelegate.swift in Sources */ = {isa = PBXBuildFile; fileRef = CC2CDC3D271FF2A8004F8DAB /* SceneDelegate.swift */; };
		CC2CDC40271FF2A8004F8DAB /* ViewController.swift in Sources */ = {isa = PBXBuildFile; fileRef = CC2CDC3F271FF2A8004F8DAB /* ViewController.swift */; };
		CC2CDC43271FF2A8004F8DAB /* Main.storyboard in Resources */ = {isa = PBXBuildFile; fileRef = CC2CDC41271FF2A8004F8DAB /* Main.storyboard */; };
		CC2CDC45271FF2A9004F8DAB /* Assets.xcassets in Resources */ = {isa = PBXBuildFile; fileRef = CC2CDC44271FF2A9004F8DAB /* Assets.xcassets */; };
		CC2CDC48271FF2A9004F8DAB /* LaunchScreen.storyboard in Resources */ = {isa = PBXBuildFile; fileRef = CC2CDC46271FF2A9004F8DAB /* LaunchScreen.storyboard */; };
		CC2CDC51271FF2F6004F8DAB /* Alamofire in Frameworks */ = {isa = PBXBuildFile; productRef = CC2CDC50271FF2F6004F8DAB /* Alamofire */; };
		CC7A4B1C2733E0B3000E4600 /* PromiseKit in Frameworks */ = {isa = PBXBuildFile; productRef = CC7A4B1B2733E0B3000E4600 /* PromiseKit */; };
		CC7A4B1F2733E0CA000E4600 /* Resolver-Static in Frameworks */ = {isa = PBXBuildFile; productRef = CC7A4B1E2733E0CA000E4600 /* Resolver-Static */; };
		CC7A4B222733E107000E4600 /* Kingfisher in Frameworks */ = {isa = PBXBuildFile; productRef = CC7A4B212733E107000E4600 /* Kingfisher */; };
		CC7A4B252733E346000E4600 /* RxBlocking in Frameworks */ = {isa = PBXBuildFile; productRef = CC7A4B242733E346000E4600 /* RxBlocking */; };
		CC7A4B292733E346000E4600 /* RxRelay in Frameworks */ = {isa = PBXBuildFile; productRef = CC7A4B282733E346000E4600 /* RxRelay */; };
		CC7A4B2B2733E346000E4600 /* RxSwift in Frameworks */ = {isa = PBXBuildFile; productRef = CC7A4B2A2733E346000E4600 /* RxSwift */; };
		CC7A4B302733E3E8000E4600 /* SnapKit in Frameworks */ = {isa = PBXBuildFile; productRef = CC7A4B2F2733E3E8000E4600 /* SnapKit */; };
/* End PBXBuildFile section */

/* Begin PBXFileReference section */
		CC2CDC38271FF2A8004F8DAB /* SpmTest.app */ = {isa = PBXFileReference; explicitFileType = wrapper.application; includeInIndex = 0; path = SpmTest.app; sourceTree = BUILT_PRODUCTS_DIR; };
		CC2CDC3B271FF2A8004F8DAB /* AppDelegate.swift */ = {isa = PBXFileReference; lastKnownFileType = sourcecode.swift; path = AppDelegate.swift; sourceTree = "<group>"; };
		CC2CDC3D271FF2A8004F8DAB /* SceneDelegate.swift */ = {isa = PBXFileReference; lastKnownFileType = sourcecode.swift; path = SceneDelegate.swift; sourceTree = "<group>"; };
		CC2CDC3F271FF2A8004F8DAB /* ViewController.swift */ = {isa = PBXFileReference; lastKnownFileType = sourcecode.swift; path = ViewController.swift; sourceTree = "<group>"; };
		CC2CDC42271FF2A8004F8DAB /* Base */ = {isa = PBXFileReference; lastKnownFileType = file.storyboard; name = Base; path = Base.lproj/Main.storyboard; sourceTree = "<group>"; };
		CC2CDC44271FF2A9004F8DAB /* Assets.xcassets */ = {isa = PBXFileReference; lastKnownFileType = folder.assetcatalog; path = Assets.xcassets; sourceTree = "<group>"; };
		CC2CDC47271FF2A9004F8DAB /* Base */ = {isa = PBXFileReference; lastKnownFileType = file.storyboard; name = Base; path = Base.lproj/LaunchScreen.storyboard; sourceTree = "<group>"; };
		CC2CDC49271FF2A9004F8DAB /* Info.plist */ = {isa = PBXFileReference; lastKnownFileType = text.plist.xml; path = Info.plist; sourceTree = "<group>"; };
/* End PBXFileReference section */

/* Begin PBXFrameworksBuildPhase section */
		CC2CDC35271FF2A8004F8DAB /* Frameworks */ = {
			isa = PBXFrameworksBuildPhase;
			buildActionMask = 2147483647;
			files = (
				CC7A4B222733E107000E4600 /* Kingfisher in Frameworks */,
				CC7A4B292733E346000E4600 /* RxRelay in Frameworks */,
				CC2CDC51271FF2F6004F8DAB /* Alamofire in Frameworks */,
				CC7A4B1F2733E0CA000E4600 /* Resolver-Static in Frameworks */,
				CC7A4B1C2733E0B3000E4600 /* PromiseKit in Frameworks */,
				CC7A4B2B2733E346000E4600 /* RxSwift in Frameworks */,
				CC7A4B252733E346000E4600 /* RxBlocking in Frameworks */,
				CC7A4B302733E3E8000E4600 /* SnapKit in Frameworks */,
			);
			runOnlyForDeploymentPostprocessing = 0;
		};
/* End PBXFrameworksBuildPhase section */

/* Begin PBXGroup section */
		CC2CDC2F271FF2A8004F8DAB = {
			isa = PBXGroup;
			children = (
				CC2CDC3A271FF2A8004F8DAB /* SpmTest */,
				CC2CDC39271FF2A8004F8DAB /* Products */,
			);
			sourceTree = "<group>";
		};
		CC2CDC39271FF2A8004F8DAB /* Products */ = {
			isa = PBXGroup;
			children = (
				CC2CDC38271FF2A8004F8DAB /* SpmTest.app */,
			);
			name = Products;
			sourceTree = "<group>";
		};
		CC2CDC3A271FF2A8004F8DAB /* SpmTest */ = {
			isa = PBXGroup;
			children = (
				CC2CDC3B271FF2A8004F8DAB /* AppDelegate.swift */,
				CC2CDC3D271FF2A8004F8DAB /* SceneDelegate.swift */,
				CC2CDC3F271FF2A8004F8DAB /* ViewController.swift */,
				CC2CDC41271FF2A8004F8DAB /* Main.storyboard */,
				CC2CDC44271FF2A9004F8DAB /* Assets.xcassets */,
				CC2CDC46271FF2A9004F8DAB /* LaunchScreen.storyboard */,
				CC2CDC49271FF2A9004F8DAB /* Info.plist */,
			);
			path = SpmTest;
			sourceTree = "<group>";
		};
/* End PBXGroup section */

/* Begin PBXNativeTarget section */
		CC2CDC37271FF2A8004F8DAB /* SpmTest */ = {
			isa = PBXNativeTarget;
			buildConfigurationList = CC2CDC4C271FF2A9004F8DAB /* Build configuration list for PBXNativeTarget "SpmTest" */;
			buildPhases = (
				CC2CDC34271FF2A8004F8DAB /* Sources */,
				CC2CDC35271FF2A8004F8DAB /* Frameworks */,
				CC2CDC36271FF2A8004F8DAB /* Resources */,
			);
			buildRules = (
			);
			dependencies = (
			);
			name = SpmTest;
			packageProductDependencies = (
				CC2CDC50271FF2F6004F8DAB /* Alamofire */,
				CC7A4B1B2733E0B3000E4600 /* PromiseKit */,
				CC7A4B1E2733E0CA000E4600 /* Resolver-Static */,
				CC7A4B212733E107000E4600 /* Kingfisher */,
				CC7A4B242733E346000E4600 /* RxBlocking */,
				CC7A4B282733E346000E4600 /* RxRelay */,
				CC7A4B2A2733E346000E4600 /* RxSwift */,
				CC7A4B2F2733E3E8000E4600 /* SnapKit */,
			);
			productName = SpmTest;
			productReference = CC2CDC38271FF2A8004F8DAB /* SpmTest.app */;
			productType = "com.apple.product-type.application";
		};
/* End PBXNativeTarget section */

/* Begin PBXProject section */
		CC2CDC30271FF2A8004F8DAB /* Project object */ = {
			isa = PBXProject;
			attributes = {
				BuildIndependentTargetsInParallel = 1;
				LastSwiftUpdateCheck = 1300;
				LastUpgradeCheck = 1300;
				TargetAttributes = {
					CC2CDC37271FF2A8004F8DAB = {
						CreatedOnToolsVersion = 13.0;
					};
				};
			};
			buildConfigurationList = CC2CDC33271FF2A8004F8DAB /* Build configuration list for PBXProject "SpmTest" */;
			compatibilityVersion = "Xcode 13.0";
			developmentRegion = en;
			hasScannedForEncodings = 0;
			knownRegions = (
				en,
				Base,
			);
			mainGroup = CC2CDC2F271FF2A8004F8DAB;
			packageReferences = (
				CC2CDC4F271FF2F6004F8DAB /* XCRemoteSwiftPackageReference "Alamofire" */,
				CC7A4B1A2733E0B3000E4600 /* XCRemoteSwiftPackageReference "PromiseKit" */,
				CC7A4B1D2733E0CA000E4600 /* XCRemoteSwiftPackageReference "Resolver" */,
				CC7A4B202733E107000E4600 /* XCRemoteSwiftPackageReference "Kingfisher" */,
				CC7A4B232733E346000E4600 /* XCRemoteSwiftPackageReference "RxSwift" */,
				CC7A4B2E2733E3E8000E4600 /* XCRemoteSwiftPackageReference "SnapKit" */,
			);
			productRefGroup = CC2CDC39271FF2A8004F8DAB /* Products */;
			projectDirPath = "";
			projectRoot = "";
			targets = (
				CC2CDC37271FF2A8004F8DAB /* SpmTest */,
			);
		};
/* End PBXProject section */

/* Begin PBXResourcesBuildPhase section */
		CC2CDC36271FF2A8004F8DAB /* Resources */ = {
			isa = PBXResourcesBuildPhase;
			buildActionMask = 2147483647;
			files = (
				CC2CDC48271FF2A9004F8DAB /* LaunchScreen.storyboard in Resources */,
				CC2CDC45271FF2A9004F8DAB /* Assets.xcassets in Resources */,
				CC2CDC43271FF2A8004F8DAB /* Main.storyboard in Resources */,
			);
			runOnlyForDeploymentPostprocessing = 0;
		};
/* End PBXResourcesBuildPhase section */

/* Begin PBXSourcesBuildPhase section */
		CC2CDC34271FF2A8004F8DAB /* Sources */ = {
			isa = PBXSourcesBuildPhase;
			buildActionMask = 2147483647;
			files = (
				CC2CDC40271FF2A8004F8DAB /* ViewController.swift in Sources */,
				CC2CDC3C271FF2A8004F8DAB /* AppDelegate.swift in Sources */,
				CC2CDC3E271FF2A8004F8DAB /* SceneDelegate.swift in Sources */,
			);
			runOnlyForDeploymentPostprocessing = 0;
		};
/* End PBXSourcesBuildPhase section */

/* Begin PBXVariantGroup section */
		CC2CDC41271FF2A8004F8DAB /* Main.storyboard */ = {
			isa = PBXVariantGroup;
			children = (
				CC2CDC42271FF2A8004F8DAB /* Base */,
			);
			name = Main.storyboard;
			sourceTree = "<group>";
		};
		CC2CDC46271FF2A9004F8DAB /* LaunchScreen.storyboard */ = {
			isa = PBXVariantGroup;
			children = (
				CC2CDC47271FF2A9004F8DAB /* Base */,
			);
			name = LaunchScreen.storyboard;
			sourceTree = "<group>";
		};
/* End PBXVariantGroup section */

/* Begin XCBuildConfiguration section */
		CC2CDC4A271FF2A9004F8DAB /* Debug */ = {
			isa = XCBuildConfiguration;
			buildSettings = {
				ALWAYS_SEARCH_USER_PATHS = NO;
				CLANG_ANALYZER_NONNULL = YES;
				CLANG_ANALYZER_NUMBER_OBJECT_CONVERSION = YES_AGGRESSIVE;
				CLANG_CXX_LANGUAGE_STANDARD = "gnu++17";
				CLANG_CXX_LIBRARY = "libc++";
				CLANG_ENABLE_MODULES = YES;
				CLANG_ENABLE_OBJC_ARC = YES;
				CLANG_ENABLE_OBJC_WEAK = YES;
				CLANG_WARN_BLOCK_CAPTURE_AUTORELEASING = YES;
				CLANG_WARN_BOOL_CONVERSION = YES;
				CLANG_WARN_COMMA = YES;
				CLANG_WARN_CONSTANT_CONVERSION = YES;
				CLANG_WARN_DEPRECATED_OBJC_IMPLEMENTATIONS = YES;
				CLANG_WARN_DIRECT_OBJC_ISA_USAGE = YES_ERROR;
				CLANG_WARN_DOCUMENTATION_COMMENTS = YES;
				CLANG_WARN_EMPTY_BODY = YES;
				CLANG_WARN_ENUM_CONVERSION = YES;
				CLANG_WARN_INFINITE_RECURSION = YES;
				CLANG_WARN_INT_CONVERSION = YES;
				CLANG_WARN_NON_LITERAL_NULL_CONVERSION = YES;
				CLANG_WARN_OBJC_IMPLICIT_RETAIN_SELF = YES;
				CLANG_WARN_OBJC_LITERAL_CONVERSION = YES;
				CLANG_WARN_OBJC_ROOT_CLASS = YES_ERROR;
				CLANG_WARN_QUOTED_INCLUDE_IN_FRAMEWORK_HEADER = YES;
				CLANG_WARN_RANGE_LOOP_ANALYSIS = YES;
				CLANG_WARN_STRICT_PROTOTYPES = YES;
				CLANG_WARN_SUSPICIOUS_MOVE = YES;
				CLANG_WARN_UNGUARDED_AVAILABILITY = YES_AGGRESSIVE;
				CLANG_WARN_UNREACHABLE_CODE = YES;
				CLANG_WARN__DUPLICATE_METHOD_MATCH = YES;
				COPY_PHASE_STRIP = NO;
				DEBUG_INFORMATION_FORMAT = dwarf;
				ENABLE_STRICT_OBJC_MSGSEND = YES;
				ENABLE_TESTABILITY = YES;
				GCC_C_LANGUAGE_STANDARD = gnu11;
				GCC_DYNAMIC_NO_PIC = NO;
				GCC_NO_COMMON_BLOCKS = YES;
				GCC_OPTIMIZATION_LEVEL = 0;
				GCC_PREPROCESSOR_DEFINITIONS = (
					"DEBUG=1",
					"$(inherited)",
				);
				GCC_WARN_64_TO_32_BIT_CONVERSION = YES;
				GCC_WARN_ABOUT_RETURN_TYPE = YES_ERROR;
				GCC_WARN_UNDECLARED_SELECTOR = YES;
				GCC_WARN_UNINITIALIZED_AUTOS = YES_AGGRESSIVE;
				GCC_WARN_UNUSED_FUNCTION = YES;
				GCC_WARN_UNUSED_VARIABLE = YES;
				IPHONEOS_DEPLOYMENT_TARGET = 15.0;
				MTL_ENABLE_DEBUG_INFO = INCLUDE_SOURCE;
				MTL_FAST_MATH = YES;
				ONLY_ACTIVE_ARCH = YES;
				SDKROOT = iphoneos;
				SWIFT_ACTIVE_COMPILATION_CONDITIONS = DEBUG;
				SWIFT_OPTIMIZATION_LEVEL = "-Onone";
			};
			name = Debug;
		};
		CC2CDC4B271FF2A9004F8DAB /* Release */ = {
			isa = XCBuildConfiguration;
			buildSettings = {
				ALWAYS_SEARCH_USER_PATHS = NO;
				CLANG_ANALYZER_NONNULL = YES;
				CLANG_ANALYZER_NUMBER_OBJECT_CONVERSION = YES_AGGRESSIVE;
				CLANG_CXX_LANGUAGE_STANDARD = "gnu++17";
				CLANG_CXX_LIBRARY = "libc++";
				CLANG_ENABLE_MODULES = YES;
				CLANG_ENABLE_OBJC_ARC = YES;
				CLANG_ENABLE_OBJC_WEAK = YES;
				CLANG_WARN_BLOCK_CAPTURE_AUTORELEASING = YES;
				CLANG_WARN_BOOL_CONVERSION = YES;
				CLANG_WARN_COMMA = YES;
				CLANG_WARN_CONSTANT_CONVERSION = YES;
				CLANG_WARN_DEPRECATED_OBJC_IMPLEMENTATIONS = YES;
				CLANG_WARN_DIRECT_OBJC_ISA_USAGE = YES_ERROR;
				CLANG_WARN_DOCUMENTATION_COMMENTS = YES;
				CLANG_WARN_EMPTY_BODY = YES;
				CLANG_WARN_ENUM_CONVERSION = YES;
				CLANG_WARN_INFINITE_RECURSION = YES;
				CLANG_WARN_INT_CONVERSION = YES;
				CLANG_WARN_NON_LITERAL_NULL_CONVERSION = YES;
				CLANG_WARN_OBJC_IMPLICIT_RETAIN_SELF = YES;
				CLANG_WARN_OBJC_LITERAL_CONVERSION = YES;
				CLANG_WARN_OBJC_ROOT_CLASS = YES_ERROR;
				CLANG_WARN_QUOTED_INCLUDE_IN_FRAMEWORK_HEADER = YES;
				CLANG_WARN_RANGE_LOOP_ANALYSIS = YES;
				CLANG_WARN_STRICT_PROTOTYPES = YES;
				CLANG_WARN_SUSPICIOUS_MOVE = YES;
				CLANG_WARN_UNGUARDED_AVAILABILITY = YES_AGGRESSIVE;
				CLANG_WARN_UNREACHABLE_CODE = YES;
				CLANG_WARN__DUPLICATE_METHOD_MATCH = YES;
				COPY_PHASE_STRIP = NO;
				DEBUG_INFORMATION_FORMAT = "dwarf-with-dsym";
				ENABLE_NS_ASSERTIONS = NO;
				ENABLE_STRICT_OBJC_MSGSEND = YES;
				GCC_C_LANGUAGE_STANDARD = gnu11;
				GCC_NO_COMMON_BLOCKS = YES;
				GCC_WARN_64_TO_32_BIT_CONVERSION = YES;
				GCC_WARN_ABOUT_RETURN_TYPE = YES_ERROR;
				GCC_WARN_UNDECLARED_SELECTOR = YES;
				GCC_WARN_UNINITIALIZED_AUTOS = YES_AGGRESSIVE;
				GCC_WARN_UNUSED_FUNCTION = YES;
				GCC_WARN_UNUSED_VARIABLE = YES;
				IPHONEOS_DEPLOYMENT_TARGET = 15.0;
				MTL_ENABLE_DEBUG_INFO = NO;
				MTL_FAST_MATH = YES;
				SDKROOT = iphoneos;
				SWIFT_COMPILATION_MODE = wholemodule;
				SWIFT_OPTIMIZATION_LEVEL = "-O";
				VALIDATE_PRODUCT = YES;
			};
			name = Release;
		};
		CC2CDC4D271FF2A9004F8DAB /* Debug */ = {
			isa = XCBuildConfiguration;
			buildSettings = {
				ASSETCATALOG_COMPILER_APPICON_NAME = AppIcon;
				ASSETCATALOG_COMPILER_GLOBAL_ACCENT_COLOR_NAME = AccentColor;
				CODE_SIGN_IDENTITY = "Apple Development";
				CODE_SIGN_STYLE = Automatic;
				CURRENT_PROJECT_VERSION = 1;
				DEVELOPMENT_TEAM = HY9Y722HL4;
				GENERATE_INFOPLIST_FILE = YES;
				INFOPLIST_FILE = SpmTest/Info.plist;
				INFOPLIST_KEY_UIApplicationSupportsIndirectInputEvents = YES;
				INFOPLIST_KEY_UILaunchStoryboardName = LaunchScreen;
				INFOPLIST_KEY_UIMainStoryboardFile = Main;
				INFOPLIST_KEY_UISupportedInterfaceOrientations_iPad = "UIInterfaceOrientationPortrait UIInterfaceOrientationPortraitUpsideDown UIInterfaceOrientationLandscapeLeft UIInterfaceOrientationLandscapeRight";
				INFOPLIST_KEY_UISupportedInterfaceOrientations_iPhone = "UIInterfaceOrientationPortrait UIInterfaceOrientationLandscapeLeft UIInterfaceOrientationLandscapeRight";
				LD_RUNPATH_SEARCH_PATHS = (
					"$(inherited)",
					"@executable_path/Frameworks",
				);
				MARKETING_VERSION = 1.0;
				PRODUCT_BUNDLE_IDENTIFIER = dk.jp.app.SpmTest;
				PRODUCT_NAME = "$(TARGET_NAME)";
				PROVISIONING_PROFILE_SPECIFIER = "";
				SWIFT_EMIT_LOC_STRINGS = YES;
				SWIFT_VERSION = 5.0;
				TARGETED_DEVICE_FAMILY = "1,2";
			};
			name = Debug;
		};
		CC2CDC4E271FF2A9004F8DAB /* Release */ = {
			isa = XCBuildConfiguration;
			buildSettings = {
				ASSETCATALOG_COMPILER_APPICON_NAME = AppIcon;
				ASSETCATALOG_COMPILER_GLOBAL_ACCENT_COLOR_NAME = AccentColor;
				CODE_SIGN_IDENTITY = "Apple Development";
				CODE_SIGN_STYLE = Automatic;
				CURRENT_PROJECT_VERSION = 1;
				DEVELOPMENT_TEAM = HY9Y722HL4;
				GENERATE_INFOPLIST_FILE = YES;
				INFOPLIST_FILE = SpmTest/Info.plist;
				INFOPLIST_KEY_UIApplicationSupportsIndirectInputEvents = YES;
				INFOPLIST_KEY_UILaunchStoryboardName = LaunchScreen;
				INFOPLIST_KEY_UIMainStoryboardFile = Main;
				INFOPLIST_KEY_UISupportedInterfaceOrientations_iPad = "UIInterfaceOrientationPortrait UIInterfaceOrientationPortraitUpsideDown UIInterfaceOrientationLandscapeLeft UIInterfaceOrientationLandscapeRight";
				INFOPLIST_KEY_UISupportedInterfaceOrientations_iPhone = "UIInterfaceOrientationPortrait UIInterfaceOrientationLandscapeLeft UIInterfaceOrientationLandscapeRight";
				LD_RUNPATH_SEARCH_PATHS = (
					"$(inherited)",
					"@executable_path/Frameworks",
				);
				MARKETING_VERSION = 1.0;
				PRODUCT_BUNDLE_IDENTIFIER = dk.jp.app.SpmTest;
				PRODUCT_NAME = "$(TARGET_NAME)";
				PROVISIONING_PROFILE_SPECIFIER = "";
				SWIFT_EMIT_LOC_STRINGS = YES;
				SWIFT_VERSION = 5.0;
				TARGETED_DEVICE_FAMILY = "1,2";
			};
			name = Release;
		};
/* End XCBuildConfiguration section */

/* Begin XCConfigurationList section */
		CC2CDC33271FF2A8004F8DAB /* Build configuration list for PBXProject "SpmTest" */ = {
			isa = XCConfigurationList;
			buildConfigurations = (
				CC2CDC4A271FF2A9004F8DAB /* Debug */,
				CC2CDC4B271FF2A9004F8DAB /* Release */,
			);
			defaultConfigurationIsVisible = 0;
			defaultConfigurationName = Release;
		};
		CC2CDC4C271FF2A9004F8DAB /* Build configuration list for PBXNativeTarget "SpmTest" */ = {
			isa = XCConfigurationList;
			buildConfigurations = (
				CC2CDC4D271FF2A9004F8DAB /* Debug */,
				CC2CDC4E271FF2A9004F8DAB /* Release */,
			);
			defaultConfigurationIsVisible = 0;
			defaultConfigurationName = Release;
		};
/* End XCConfigurationList section */

/* Begin XCRemoteSwiftPackageReference section */
		CC2CDC4F271FF2F6004F8DAB /* XCRemoteSwiftPackageReference "Alamofire" */ = {
			isa = XCRemoteSwiftPackageReference;
			repositoryURL = "https://github.com/Alamofire/Alamofire";
			requirement = {
				kind = upToNextMajorVersion;
				minimumVersion = 5.0.0;
			};
		};
		CC7A4B1A2733E0B3000E4600 /* XCRemoteSwiftPackageReference "PromiseKit" */ = {
			isa = XCRemoteSwiftPackageReference;
			repositoryURL = "https://github.com/mxcl/PromiseKit";
			requirement = {
				branch = v6;
				kind = branch;
			};
		};
		CC7A4B1D2733E0CA000E4600 /* XCRemoteSwiftPackageReference "Resolver" */ = {
			isa = XCRemoteSwiftPackageReference;
			repositoryURL = "https://github.com/hmlongco/Resolver";
			requirement = {
				branch = master;
				kind = branch;
			};
		};
		CC7A4B202733E107000E4600 /* XCRemoteSwiftPackageReference "Kingfisher" */ = {
			isa = XCRemoteSwiftPackageReference;
			repositoryURL = "https://github.com/onevcat/Kingfisher";
			requirement = {
				kind = upToNextMajorVersion;
				minimumVersion = 7.0.0;
			};
		};
		CC7A4B232733E346000E4600 /* XCRemoteSwiftPackageReference "RxSwift" */ = {
			isa = XCRemoteSwiftPackageReference;
			repositoryURL = "https://github.com/ReactiveX/RxSwift";
			requirement = {
				kind = upToNextMajorVersion;
				minimumVersion = 6.0.0;
			};
		};
		CC7A4B2E2733E3E8000E4600 /* XCRemoteSwiftPackageReference "SnapKit" */ = {
			isa = XCRemoteSwiftPackageReference;
			repositoryURL = "https://github.com/SnapKit/SnapKit";
			requirement = {
				kind = upToNextMajorVersion;
				minimumVersion = 5.0.0;
			};
		};
/* End XCRemoteSwiftPackageReference section */

/* Begin XCSwiftPackageProductDependency section */
		CC2CDC50271FF2F6004F8DAB /* Alamofire */ = {
			isa = XCSwiftPackageProductDependency;
			package = CC2CDC4F271FF2F6004F8DAB /* XCRemoteSwiftPackageReference "Alamofire" */;
			productName = Alamofire;
		};
		CC7A4B1B2733E0B3000E4600 /* PromiseKit */ = {
			isa = XCSwiftPackageProductDependency;
			package = CC7A4B1A2733E0B3000E4600 /* XCRemoteSwiftPackageReference "PromiseKit" */;
			productName = PromiseKit;
		};
		CC7A4B1E2733E0CA000E4600 /* Resolver-Static */ = {
			isa = XCSwiftPackageProductDependency;
			package = CC7A4B1D2733E0CA000E4600 /* XCRemoteSwiftPackageReference "Resolver" */;
			productName = "Resolver-Static";
		};
		CC7A4B212733E107000E4600 /* Kingfisher */ = {
			isa = XCSwiftPackageProductDependency;
			package = CC7A4B202733E107000E4600 /* XCRemoteSwiftPackageReference "Kingfisher" */;
			productName = Kingfisher;
		};
		CC7A4B242733E346000E4600 /* RxBlocking */ = {
			isa = XCSwiftPackageProductDependency;
			package = CC7A4B232733E346000E4600 /* XCRemoteSwiftPackageReference "RxSwift" */;
			productName = RxBlocking;
		};
		CC7A4B282733E346000E4600 /* RxRelay */ = {
			isa = XCSwiftPackageProductDependency;
			package = CC7A4B232733E346000E4600 /* XCRemoteSwiftPackageReference "RxSwift" */;
			productName = RxRelay;
		};
		CC7A4B2A2733E346000E4600 /* RxSwift */ = {
			isa = XCSwiftPackageProductDependency;
			package = CC7A4B232733E346000E4600 /* XCRemoteSwiftPackageReference "RxSwift" */;
			productName = RxSwift;
		};
		CC7A4B2F2733E3E8000E4600 /* SnapKit */ = {
			isa = XCSwiftPackageProductDependency;
			package = CC7A4B2E2733E3E8000E4600 /* XCRemoteSwiftPackageReference "SnapKit" */;
			productName = SnapKit;
		};
/* End XCSwiftPackageProductDependency section */
	};
	rootObject = CC2CDC30271FF2A8004F8DAB /* Project object */;
}
